
Microsoft Visual Studio Solution File, Format Version 12.00
# Visual Studio Version 17
VisualStudioVersion = 17.0.31903.59
MinimumVisualStudioVersion = 10.0.40219.1
Project("{FAE04EC0-301F-11D3-BF4B-00C04F79EFBC}") = "PdfUtils", "PdfBinder\PdfUtils.csproj", "{F83B88DE-396C-4C70-A239-F42070EEBFA8}"
EndProject
Project("{FAE04EC0-301F-11D3-BF4B-00C04F79EFBC}") = "TestPdf", "TestPdf\TestPdf.csproj", "{C96070AE-7422-4407-8EAF-AB0423923938}"
EndProject
Project("{FAE04EC0-301F-11D3-BF4B-00C04F79EFBC}") = "Web", "Web\Web.csproj", "{3435DF47-FEFC-42AE-A78B-8C1F79F8F277}"
EndProject
Global
	GlobalSection(SolutionConfigurationPlatforms) = preSolution
		Debug|Any CPU = Debug|Any CPU
		Release|Any CPU = Release|Any CPU
	EndGlobalSection
	GlobalSection(ProjectConfigurationPlatforms) = postSolution
		{F83B88DE-396C-4C70-A239-F42070EEBFA8}.Debug|Any CPU.ActiveCfg = Debug|Any CPU
		{F83B88DE-396C-4C70-A239-F42070EEBFA8}.Debug|Any CPU.Build.0 = Debug|Any CPU
		{F83B88DE-396C-4C70-A239-F42070EEBFA8}.Release|Any CPU.ActiveCfg = Release|Any CPU
		{F83B88DE-396C-4C70-A239-F42070EEBFA8}.Release|Any CPU.Build.0 = Release|Any CPU
		{C96070AE-7422-4407-8EAF-AB0423923938}.Debug|Any CPU.ActiveCfg = Debug|Any CPU
		{C96070AE-7422-4407-8EAF-AB0423923938}.Debug|Any CPU.Build.0 = Debug|Any CPU
		{C96070AE-7422-4407-8EAF-AB0423923938}.Release|Any CPU.ActiveCfg = Release|Any CPU
		{C96070AE-7422-4407-8EAF-AB0423923938}.Release|Any CPU.Build.0 = Release|Any CPU
		{3435DF47-FEFC-42AE-A78B-8C1F79F8F277}.Debug|Any CPU.ActiveCfg = Debug|Any CPU
		{3435DF47-FEFC-42AE-A78B-8C1F79F8F277}.Debug|Any CPU.Build.0 = Debug|Any CPU
		{3435DF47-FEFC-42AE-A78B-8C1F79F8F277}.Release|Any CPU.ActiveCfg = Release|Any CPU
		{3435DF47-FEFC-42AE-A78B-8C1F79F8F277}.Release|Any CPU.Build.0 = Release|Any CPU
	EndGlobalSection
	GlobalSection(SolutionProperties) = preSolution
		HideSolutionNode = FALSE
	EndGlobalSection
	GlobalSection(ExtensibilityGlobals) = postSolution
		SolutionGuid = {900062A4-F280-42D1-9432-48CAC9C2B107}
	EndGlobalSection
EndGlobal
